# THIS IS AN AUTOGENERATED FILE. DO NOT EDIT THIS FILE DIRECTLY.
# yarn lockfile v1


textbelt@^0.0.4:
  version "0.0.4"
  resolved "https://registry.yarnpkg.com/textbelt/-/textbelt-0.0.4.tgz#232987a24cd3239e82f95308811ff76d92a18525"
  integrity sha512-7HgF9meTJk0zywv5iTjDeE92f+QVjNlIbtYtTkDIGCUlRT9P83cd0W7myL7+mNZNoCviQUTIN3Q1pBAbE3ukLA==
